
Microsoft Visual Studio Solution File, Format Version 12.00
# Visual Studio Version 17
VisualStudioVersion = 17.11.35312.102
MinimumVisualStudioVersion = 10.0.40219.1
Project("{FAE04EC0-301F-11D3-BF4B-00C04F79EFBC}") = "LINQ-2", "LINQ-2\LINQ-2.csproj", "{FCA301FA-B1AF-4F62-BBF7-ACED31042109}"
EndProject
Global
	GlobalSection(SolutionConfigurationPlatforms) = preSolution
		Debug|Any CPU = Debug|Any CPU
		Release|Any CPU = Release|Any CPU
	EndGlobalSection
	GlobalSection(ProjectConfigurationPlatforms) = postSolution
		{FCA301FA-B1AF-4F62-BBF7-ACED31042109}.Debug|Any CPU.ActiveCfg = Debug|Any CPU
		{FCA301FA-B1AF-4F62-BBF7-ACED31042109}.Debug|Any CPU.Build.0 = Debug|Any CPU
		{FCA301FA-B1AF-4F62-BBF7-ACED31042109}.Release|Any CPU.ActiveCfg = Release|Any CPU
		{FCA301FA-B1AF-4F62-BBF7-ACED31042109}.Release|Any CPU.Build.0 = Release|Any CPU
	EndGlobalSection
	GlobalSection(SolutionProperties) = preSolution
		HideSolutionNode = FALSE
	EndGlobalSection
	GlobalSection(ExtensibilityGlobals) = postSolution
		SolutionGuid = {FB379EF4-4419-4089-A321-8175A33C0048}
	EndGlobalSection
EndGlobal
