
Microsoft Visual Studio Solution File, Format Version 12.00
# Visual Studio Version 17
VisualStudioVersion = 17.11.35312.102
MinimumVisualStudioVersion = 10.0.40219.1
Project("{FAE04EC0-301F-11D3-BF4B-00C04F79EFBC}") = "lisko_substitute_Principle_Demo", "lisko_substitute_Principle_Demo.csproj", "{024CF90B-776C-4841-906B-A189A219A289}"
EndProject
Global
	GlobalSection(SolutionConfigurationPlatforms) = preSolution
		Debug|Any CPU = Debug|Any CPU
		Release|Any CPU = Release|Any CPU
	EndGlobalSection
	GlobalSection(ProjectConfigurationPlatforms) = postSolution
		{024CF90B-776C-4841-906B-A189A219A289}.Debug|Any CPU.ActiveCfg = Debug|Any CPU
		{024CF90B-776C-4841-906B-A189A219A289}.Debug|Any CPU.Build.0 = Debug|Any CPU
		{024CF90B-776C-4841-906B-A189A219A289}.Release|Any CPU.ActiveCfg = Release|Any CPU
		{024CF90B-776C-4841-906B-A189A219A289}.Release|Any CPU.Build.0 = Release|Any CPU
	EndGlobalSection
	GlobalSection(SolutionProperties) = preSolution
		HideSolutionNode = FALSE
	EndGlobalSection
	GlobalSection(ExtensibilityGlobals) = postSolution
		SolutionGuid = {9CC3C837-A3F9-46E5-B34F-C3CE7D80045B}
	EndGlobalSection
EndGlobal
