
Microsoft Visual Studio Solution File, Format Version 12.00
# Visual Studio Version 17
VisualStudioVersion = 17.11.35312.102
MinimumVisualStudioVersion = 10.0.40219.1
Project("{FAE04EC0-301F-11D3-BF4B-00C04F79EFBC}") = "SingletonClass_Demo", "SingletonClass_Demo.csproj", "{DBF426E4-1A40-4E86-976B-5D75F893AF9B}"
EndProject
Global
	GlobalSection(SolutionConfigurationPlatforms) = preSolution
		Debug|Any CPU = Debug|Any CPU
		Release|Any CPU = Release|Any CPU
	EndGlobalSection
	GlobalSection(ProjectConfigurationPlatforms) = postSolution
		{DBF426E4-1A40-4E86-976B-5D75F893AF9B}.Debug|Any CPU.ActiveCfg = Debug|Any CPU
		{DBF426E4-1A40-4E86-976B-5D75F893AF9B}.Debug|Any CPU.Build.0 = Debug|Any CPU
		{DBF426E4-1A40-4E86-976B-5D75F893AF9B}.Release|Any CPU.ActiveCfg = Release|Any CPU
		{DBF426E4-1A40-4E86-976B-5D75F893AF9B}.Release|Any CPU.Build.0 = Release|Any CPU
	EndGlobalSection
	GlobalSection(SolutionProperties) = preSolution
		HideSolutionNode = FALSE
	EndGlobalSection
	GlobalSection(ExtensibilityGlobals) = postSolution
		SolutionGuid = {024F886C-C90A-43ED-8CCC-7522F9B4ED78}
	EndGlobalSection
EndGlobal
